
Microsoft Visual Studio Solution File, Format Version 12.00
# Visual Studio 15
VisualStudioVersion = 15.0.28307.779
MinimumVisualStudioVersion = 10.0.40219.1
Project("{FAE04EC0-301F-11D3-BF4B-00C04F79EFBC}") = "CSI2441_A2_10500789", "CSI2441_A2_10500789\CSI2441_A2_10500789.csproj", "{45361220-DB81-4AD6-96B6-C36F14E245D1}"
EndProject
Global
	GlobalSection(SolutionConfigurationPlatforms) = preSolution
		Debug|Any CPU = Debug|Any CPU
		Release|Any CPU = Release|Any CPU
	EndGlobalSection
	GlobalSection(ProjectConfigurationPlatforms) = postSolution
		{45361220-DB81-4AD6-96B6-C36F14E245D1}.Debug|Any CPU.ActiveCfg = Debug|Any CPU
		{45361220-DB81-4AD6-96B6-C36F14E245D1}.Debug|Any CPU.Build.0 = Debug|Any CPU
		{45361220-DB81-4AD6-96B6-C36F14E245D1}.Release|Any CPU.ActiveCfg = Release|Any CPU
		{45361220-DB81-4AD6-96B6-C36F14E245D1}.Release|Any CPU.Build.0 = Release|Any CPU
	EndGlobalSection
	GlobalSection(SolutionProperties) = preSolution
		HideSolutionNode = FALSE
	EndGlobalSection
	GlobalSection(ExtensibilityGlobals) = postSolution
		SolutionGuid = {FA325B51-16CA-47B5-8313-A5DEB00A1F05}
	EndGlobalSection
EndGlobal
